
Microsoft Visual Studio Solution File, Format Version 12.00
# Visual Studio 15
VisualStudioVersion = 15.0.26228.12
MinimumVisualStudioVersion = 10.0.40219.1
Project("{FAE04EC0-301F-11D3-BF4B-00C04F79EFBC}") = "PennStateVendingMachineWebAPI", "PennStateVendingMachine\PennStateVendingMachineWebAPI.csproj", "{03823B5B-17F7-4186-AE7A-6452385851DC}"
EndProject
Project("{2150E333-8FDC-42A3-9474-1A3956D46DE8}") = "100_DataAccess", "100_DataAccess", "{0551C3BE-AB5E-4CEC-AD09-68F9BBD6B667}"
EndProject
Project("{2150E333-8FDC-42A3-9474-1A3956D46DE8}") = "200_Presentation", "200_Presentation", "{72158980-79C5-4F45-B045-1146016334D6}"
EndProject
Project("{2150E333-8FDC-42A3-9474-1A3956D46DE8}") = "300_BusinessLogic", "300_BusinessLogic", "{5C2642E7-82C8-4C0A-9382-35EDC60F4018}"
EndProject
Project("{2150E333-8FDC-42A3-9474-1A3956D46DE8}") = "310_WebAPI", "310_WebAPI", "{E7F98481-83CD-4BEE-8E3C-F49F0D414911}"
EndProject
Project("{2150E333-8FDC-42A3-9474-1A3956D46DE8}") = "320_Controllers", "320_Controllers", "{96207EAC-3391-430C-91BC-422D5336572B}"
EndProject
Project("{2150E333-8FDC-42A3-9474-1A3956D46DE8}") = "330_Models", "330_Models", "{96880BEE-A9E0-4FE8-B290-1D9C60C2C521}"
EndProject
Project("{FAE04EC0-301F-11D3-BF4B-00C04F79EFBC}") = "DataAccess", "DataAccess\DataAccess.csproj", "{8D532665-F22F-44C5-AD8D-767FBDE58CBC}"
EndProject
Project("{2150E333-8FDC-42A3-9474-1A3956D46DE8}") = "340_Conversion", "340_Conversion", "{DE5740B7-06EE-4FEE-A517-78951A2CC167}"
EndProject
Project("{FAE04EC0-301F-11D3-BF4B-00C04F79EFBC}") = "DTOConversion", "DTOConversion\DTOConversion.csproj", "{1B39960D-54FA-4158-AE99-58158467C2F7}"
EndProject
Project("{FAE04EC0-301F-11D3-BF4B-00C04F79EFBC}") = "Encoding", "Encoding\Encoding.csproj", "{5FD21B9D-7136-41FE-B9E6-B074BEE4D449}"
EndProject
Project("{FAE04EC0-301F-11D3-BF4B-00C04F79EFBC}") = "VendingMachineControllers", "VendingMachineControllers\VendingMachineControllers.csproj", "{69DA0295-3031-4759-A0B9-7FF29CE8AC26}"
EndProject
Project("{FAE04EC0-301F-11D3-BF4B-00C04F79EFBC}") = "VendingMachineModels", "VendingMachineModels\VendingMachineModels.csproj", "{98BFA32F-5F42-4F72-AAEE-40B3A9BE2B3E}"
EndProject
Global
	GlobalSection(SolutionConfigurationPlatforms) = preSolution
		Debug|Any CPU = Debug|Any CPU
		Release|Any CPU = Release|Any CPU
	EndGlobalSection
	GlobalSection(ProjectConfigurationPlatforms) = postSolution
		{03823B5B-17F7-4186-AE7A-6452385851DC}.Debug|Any CPU.ActiveCfg = Debug|Any CPU
		{03823B5B-17F7-4186-AE7A-6452385851DC}.Debug|Any CPU.Build.0 = Debug|Any CPU
		{03823B5B-17F7-4186-AE7A-6452385851DC}.Release|Any CPU.ActiveCfg = Release|Any CPU
		{03823B5B-17F7-4186-AE7A-6452385851DC}.Release|Any CPU.Build.0 = Release|Any CPU
		{8D532665-F22F-44C5-AD8D-767FBDE58CBC}.Debug|Any CPU.ActiveCfg = Debug|Any CPU
		{8D532665-F22F-44C5-AD8D-767FBDE58CBC}.Debug|Any CPU.Build.0 = Debug|Any CPU
		{8D532665-F22F-44C5-AD8D-767FBDE58CBC}.Release|Any CPU.ActiveCfg = Release|Any CPU
		{8D532665-F22F-44C5-AD8D-767FBDE58CBC}.Release|Any CPU.Build.0 = Release|Any CPU
		{1B39960D-54FA-4158-AE99-58158467C2F7}.Debug|Any CPU.ActiveCfg = Debug|Any CPU
		{1B39960D-54FA-4158-AE99-58158467C2F7}.Debug|Any CPU.Build.0 = Debug|Any CPU
		{1B39960D-54FA-4158-AE99-58158467C2F7}.Release|Any CPU.ActiveCfg = Release|Any CPU
		{1B39960D-54FA-4158-AE99-58158467C2F7}.Release|Any CPU.Build.0 = Release|Any CPU
		{5FD21B9D-7136-41FE-B9E6-B074BEE4D449}.Debug|Any CPU.ActiveCfg = Debug|Any CPU
		{5FD21B9D-7136-41FE-B9E6-B074BEE4D449}.Debug|Any CPU.Build.0 = Debug|Any CPU
		{5FD21B9D-7136-41FE-B9E6-B074BEE4D449}.Release|Any CPU.ActiveCfg = Release|Any CPU
		{5FD21B9D-7136-41FE-B9E6-B074BEE4D449}.Release|Any CPU.Build.0 = Release|Any CPU
		{69DA0295-3031-4759-A0B9-7FF29CE8AC26}.Debug|Any CPU.ActiveCfg = Debug|Any CPU
		{69DA0295-3031-4759-A0B9-7FF29CE8AC26}.Debug|Any CPU.Build.0 = Debug|Any CPU
		{69DA0295-3031-4759-A0B9-7FF29CE8AC26}.Release|Any CPU.ActiveCfg = Release|Any CPU
		{69DA0295-3031-4759-A0B9-7FF29CE8AC26}.Release|Any CPU.Build.0 = Release|Any CPU
		{98BFA32F-5F42-4F72-AAEE-40B3A9BE2B3E}.Debug|Any CPU.ActiveCfg = Debug|Any CPU
		{98BFA32F-5F42-4F72-AAEE-40B3A9BE2B3E}.Debug|Any CPU.Build.0 = Debug|Any CPU
		{98BFA32F-5F42-4F72-AAEE-40B3A9BE2B3E}.Release|Any CPU.ActiveCfg = Release|Any CPU
		{98BFA32F-5F42-4F72-AAEE-40B3A9BE2B3E}.Release|Any CPU.Build.0 = Release|Any CPU
	EndGlobalSection
	GlobalSection(SolutionProperties) = preSolution
		HideSolutionNode = FALSE
	EndGlobalSection
	GlobalSection(NestedProjects) = preSolution
		{03823B5B-17F7-4186-AE7A-6452385851DC} = {E7F98481-83CD-4BEE-8E3C-F49F0D414911}
		{E7F98481-83CD-4BEE-8E3C-F49F0D414911} = {5C2642E7-82C8-4C0A-9382-35EDC60F4018}
		{96207EAC-3391-430C-91BC-422D5336572B} = {5C2642E7-82C8-4C0A-9382-35EDC60F4018}
		{96880BEE-A9E0-4FE8-B290-1D9C60C2C521} = {5C2642E7-82C8-4C0A-9382-35EDC60F4018}
		{8D532665-F22F-44C5-AD8D-767FBDE58CBC} = {0551C3BE-AB5E-4CEC-AD09-68F9BBD6B667}
		{DE5740B7-06EE-4FEE-A517-78951A2CC167} = {5C2642E7-82C8-4C0A-9382-35EDC60F4018}
		{1B39960D-54FA-4158-AE99-58158467C2F7} = {DE5740B7-06EE-4FEE-A517-78951A2CC167}
		{5FD21B9D-7136-41FE-B9E6-B074BEE4D449} = {DE5740B7-06EE-4FEE-A517-78951A2CC167}
		{69DA0295-3031-4759-A0B9-7FF29CE8AC26} = {96207EAC-3391-430C-91BC-422D5336572B}
		{98BFA32F-5F42-4F72-AAEE-40B3A9BE2B3E} = {96880BEE-A9E0-4FE8-B290-1D9C60C2C521}
	EndGlobalSection
EndGlobal
